// !$*UTF8*$!
{
	archiveVersion = 1;
	classes = {
	};
	objectVersion = 46;
	objects = {

/* Begin PBXBuildFile section */
		C8FAFB041A8F038A00FDD7CB /* AppDelegate.m in Sources */ = {isa = PBXBuildFile; fileRef = C8FAFB031A8F038A00FDD7CB /* AppDelegate.m */; };
		C8FAFB061A8F038A00FDD7CB /* main.m in Sources */ = {isa = PBXBuildFile; fileRef = C8FAFB051A8F038A00FDD7CB /* main.m */; };
		C8FAFB0B1A8F038A00FDD7CB /* Images.xcassets in Resources */ = {isa = PBXBuildFile; fileRef = C8FAFB0A1A8F038A00FDD7CB /* Images.xcassets */; };
		C8FAFB0E1A8F038A00FDD7CB /* Main.storyboard in Resources */ = {isa = PBXBuildFile; fileRef = C8FAFB0C1A8F038A00FDD7CB /* Main.storyboard */; };
		C8FAFB1A1A8F038A00FDD7CB /* xSnapTests.m in Sources */ = {isa = PBXBuildFile; fileRef = C8FAFB191A8F038A00FDD7CB /* xSnapTests.m */; };
		C8FAFB261A8F03C600FDD7CB /* WindowController.m in Sources */ = {isa = PBXBuildFile; fileRef = C8FAFB241A8F03C600FDD7CB /* WindowController.m */; };
		C8FAFB271A8F03C600FDD7CB /* xSnap.entitlements in Resources */ = {isa = PBXBuildFile; fileRef = C8FAFB251A8F03C600FDD7CB /* xSnap.entitlements */; };
		C8FAFB6B1A8F04E400FDD7CB /* libimobiledevice.a in Frameworks */ = {isa = PBXBuildFile; fileRef = C8FAFB3B1A8F040A00FDD7CB /* libimobiledevice.a */; };
		C8FAFB6C1A8F04E400FDD7CB /* libMBProgressHUD.a in Frameworks */ = {isa = PBXBuildFile; fileRef = C8FAFB561A8F04C100FDD7CB /* libMBProgressHUD.a */; };
		C8FAFB701A8F04E500FDD7CB /* libplist.a in Frameworks */ = {isa = PBXBuildFile; fileRef = C8FAFB6D1A8F04E500FDD7CB /* libplist.a */; };
		C8FAFB711A8F04E500FDD7CB /* libusb-1.0.0.a in Frameworks */ = {isa = PBXBuildFile; fileRef = C8FAFB6E1A8F04E500FDD7CB /* libusb-1.0.0.a */; };
		C8FAFB721A8F04E500FDD7CB /* libusbmuxd.a in Frameworks */ = {isa = PBXBuildFile; fileRef = C8FAFB6F1A8F04E500FDD7CB /* libusbmuxd.a */; };
		C8FAFB741A8F04F300FDD7CB /* libxml2.dylib in Frameworks */ = {isa = PBXBuildFile; fileRef = C8FAFB731A8F04F300FDD7CB /* libxml2.dylib */; };
		C8FAFB781A8F055700FDD7CB /* Localizable.strings in Resources */ = {isa = PBXBuildFile; fileRef = C8FAFB761A8F055700FDD7CB /* Localizable.strings */; };
		C8FAFBA11A8F061900FDD7CB /* DeveloperDiskImage.dmg in Resources */ = {isa = PBXBuildFile; fileRef = C8FAFB951A8F061900FDD7CB /* DeveloperDiskImage.dmg */; };
		C8FAFBA21A8F061900FDD7CB /* DeveloperDiskImage.dmg.signature in Resources */ = {isa = PBXBuildFile; fileRef = C8FAFB961A8F061900FDD7CB /* DeveloperDiskImage.dmg.signature */; };
		C8FAFBA31A8F061900FDD7CB /* DeveloperDiskImage.dmg in Resources */ = {isa = PBXBuildFile; fileRef = C8FAFB981A8F061900FDD7CB /* DeveloperDiskImage.dmg */; };
		C8FAFBA41A8F061900FDD7CB /* DeveloperDiskImage.dmg.signature in Resources */ = {isa = PBXBuildFile; fileRef = C8FAFB991A8F061900FDD7CB /* DeveloperDiskImage.dmg.signature */; };
		C8FAFBA51A8F061900FDD7CB /* DeveloperDiskImage.dmg in Resources */ = {isa = PBXBuildFile; fileRef = C8FAFB9B1A8F061900FDD7CB /* DeveloperDiskImage.dmg */; };
		C8FAFBA61A8F061900FDD7CB /* DeveloperDiskImage.dmg.signature in Resources */ = {isa = PBXBuildFile; fileRef = C8FAFB9C1A8F061900FDD7CB /* DeveloperDiskImage.dmg.signature */; };
		C8FAFBA71A8F061900FDD7CB /* DeveloperDiskImage.dmg in Resources */ = {isa = PBXBuildFile; fileRef = C8FAFB9E1A8F061900FDD7CB /* DeveloperDiskImage.dmg */; };
		C8FAFBA81A8F061900FDD7CB /* DeveloperDiskImage.dmg.signature in Resources */ = {isa = PBXBuildFile; fileRef = C8FAFB9F1A8F061900FDD7CB /* DeveloperDiskImage.dmg.signature */; };
		C8FAFBA91A8F061900FDD7CB /* mounter in Resources */ = {isa = PBXBuildFile; fileRef = C8FAFBA01A8F061900FDD7CB /* mounter */; };
/* End PBXBuildFile section */

/* Begin PBXContainerItemProxy section */
		C8FAFB141A8F038A00FDD7CB /* PBXContainerItemProxy */ = {
			isa = PBXContainerItemProxy;
			containerPortal = C8FAFAF51A8F038900FDD7CB /* Project object */;
			proxyType = 1;
			remoteGlobalIDString = C8FAFAFC1A8F038A00FDD7CB;
			remoteInfo = xSnap;
		};
		C8FAFB3A1A8F040A00FDD7CB /* PBXContainerItemProxy */ = {
			isa = PBXContainerItemProxy;
			containerPortal = C8FAFB291A8F040A00FDD7CB /* libimobiledevice.xcodeproj */;
			proxyType = 2;
			remoteGlobalIDString = C847BEA71A7537F400271179;
			remoteInfo = libimobiledevice;
		};
		C8FAFB3C1A8F040A00FDD7CB /* PBXContainerItemProxy */ = {
			isa = PBXContainerItemProxy;
			containerPortal = C8FAFB291A8F040A00FDD7CB /* libimobiledevice.xcodeproj */;
			proxyType = 2;
			remoteGlobalIDString = C8EB84091A75D4630022C2CD;
			remoteInfo = idevice_id;
		};
		C8FAFB3E1A8F040A00FDD7CB /* PBXContainerItemProxy */ = {
			isa = PBXContainerItemProxy;
			containerPortal = C8FAFB291A8F040A00FDD7CB /* libimobiledevice.xcodeproj */;
			proxyType = 2;
			remoteGlobalIDString = C8EB845D1A75D7870022C2CD;
			remoteInfo = idevicecrashreport;
		};
		C8FAFB401A8F040A00FDD7CB /* PBXContainerItemProxy */ = {
			isa = PBXContainerItemProxy;
			containerPortal = C8FAFB291A8F040A00FDD7CB /* libimobiledevice.xcodeproj */;
			proxyType = 2;
			remoteGlobalIDString = C8EB847D1A75D9CA0022C2CD;
			remoteInfo = idevicediagnostics;
		};
		C8FAFB421A8F040A00FDD7CB /* PBXContainerItemProxy */ = {
			isa = PBXContainerItemProxy;
			containerPortal = C8FAFB291A8F040A00FDD7CB /* libimobiledevice.xcodeproj */;
			proxyType = 2;
			remoteGlobalIDString = C847C1101A755DF300271179;
			remoteInfo = ideviceinfo;
		};
		C8FAFB441A8F040A00FDD7CB /* PBXContainerItemProxy */ = {
			isa = PBXContainerItemProxy;
			containerPortal = C8FAFB291A8F040A00FDD7CB /* libimobiledevice.xcodeproj */;
			proxyType = 2;
			remoteGlobalIDString = C8EB850D1A75EC0E0022C2CD;
			remoteInfo = ideviceimagemounter;
		};
		C8FAFB461A8F040A00FDD7CB /* PBXContainerItemProxy */ = {
			isa = PBXContainerItemProxy;
			containerPortal = C8FAFB291A8F040A00FDD7CB /* libimobiledevice.xcodeproj */;
			proxyType = 2;
			remoteGlobalIDString = C8EB841D1A75D5A80022C2CD;
			remoteInfo = idevicename;
		};
		C8FAFB481A8F040A00FDD7CB /* PBXContainerItemProxy */ = {
			isa = PBXContainerItemProxy;
			containerPortal = C8FAFB291A8F040A00FDD7CB /* libimobiledevice.xcodeproj */;
			proxyType = 2;
			remoteGlobalIDString = C8EB844D1A75D7030022C2CD;
			remoteInfo = idevicepair;
		};
		C8FAFB4A1A8F040A00FDD7CB /* PBXContainerItemProxy */ = {
			isa = PBXContainerItemProxy;
			containerPortal = C8FAFB291A8F040A00FDD7CB /* libimobiledevice.xcodeproj */;
			proxyType = 2;
			remoteGlobalIDString = C8EB84371A75D66D0022C2CD;
			remoteInfo = idevicescreenshot;
		};
		C8FAFB4C1A8F040A00FDD7CB /* PBXContainerItemProxy */ = {
			isa = PBXContainerItemProxy;
			containerPortal = C8FAFB291A8F040A00FDD7CB /* libimobiledevice.xcodeproj */;
			proxyType = 2;
			remoteGlobalIDString = C8EB846D1A75D7D80022C2CD;
			remoteInfo = idevicesyslog;
		};
		C8FAFB551A8F04C100FDD7CB /* PBXContainerItemProxy */ = {
			isa = PBXContainerItemProxy;
			containerPortal = C8FAFB501A8F04C000FDD7CB /* MBProgressHUD.xcodeproj */;
			proxyType = 2;
			remoteGlobalIDString = C8F2170A1A7B21A100EA8BC5;
			remoteInfo = MBProgressHUD;
		};
		C8FAFB571A8F04C100FDD7CB /* PBXContainerItemProxy */ = {
			isa = PBXContainerItemProxy;
			containerPortal = C8FAFB501A8F04C000FDD7CB /* MBProgressHUD.xcodeproj */;
			proxyType = 2;
			remoteGlobalIDString = C8F217151A7B21A100EA8BC5;
			remoteInfo = MBProgressHUDTests;
		};
/* End PBXContainerItemProxy section */

/* Begin PBXFileReference section */
		C8FAFAFD1A8F038A00FDD7CB /* xSnap.app */ = {isa = PBXFileReference; explicitFileType = wrapper.application; includeInIndex = 0; path = xSnap.app; sourceTree = BUILT_PRODUCTS_DIR; };
		C8FAFB011A8F038A00FDD7CB /* Info.plist */ = {isa = PBXFileReference; lastKnownFileType = text.plist.xml; path = Info.plist; sourceTree = "<group>"; };
		C8FAFB021A8F038A00FDD7CB /* AppDelegate.h */ = {isa = PBXFileReference; lastKnownFileType = sourcecode.c.h; path = AppDelegate.h; sourceTree = "<group>"; };
		C8FAFB031A8F038A00FDD7CB /* AppDelegate.m */ = {isa = PBXFileReference; lastKnownFileType = sourcecode.c.objc; path = AppDelegate.m; sourceTree = "<group>"; };
		C8FAFB051A8F038A00FDD7CB /* main.m */ = {isa = PBXFileReference; lastKnownFileType = sourcecode.c.objc; path = main.m; sourceTree = "<group>"; };
		C8FAFB0A1A8F038A00FDD7CB /* Images.xcassets */ = {isa = PBXFileReference; lastKnownFileType = folder.assetcatalog; path = Images.xcassets; sourceTree = "<group>"; };
		C8FAFB0D1A8F038A00FDD7CB /* Base */ = {isa = PBXFileReference; lastKnownFileType = file.storyboard; name = Base; path = Base.lproj/Main.storyboard; sourceTree = "<group>"; };
		C8FAFB131A8F038A00FDD7CB /* xSnapTests.xctest */ = {isa = PBXFileReference; explicitFileType = wrapper.cfbundle; includeInIndex = 0; path = xSnapTests.xctest; sourceTree = BUILT_PRODUCTS_DIR; };
		C8FAFB181A8F038A00FDD7CB /* Info.plist */ = {isa = PBXFileReference; lastKnownFileType = text.plist.xml; path = Info.plist; sourceTree = "<group>"; };
		C8FAFB191A8F038A00FDD7CB /* xSnapTests.m */ = {isa = PBXFileReference; lastKnownFileType = sourcecode.c.objc; path = xSnapTests.m; sourceTree = "<group>"; };
		C8FAFB231A8F03C600FDD7CB /* WindowController.h */ = {isa = PBXFileReference; fileEncoding = 4; lastKnownFileType = sourcecode.c.h; path = WindowController.h; sourceTree = "<group>"; };
		C8FAFB241A8F03C600FDD7CB /* WindowController.m */ = {isa = PBXFileReference; fileEncoding = 4; lastKnownFileType = sourcecode.c.objc; path = WindowController.m; sourceTree = "<group>"; };
		C8FAFB251A8F03C600FDD7CB /* xSnap.entitlements */ = {isa = PBXFileReference; fileEncoding = 4; lastKnownFileType = text.xml; path = xSnap.entitlements; sourceTree = "<group>"; };
		C8FAFB291A8F040A00FDD7CB /* libimobiledevice.xcodeproj */ = {isa = PBXFileReference; lastKnownFileType = "wrapper.pb-project"; name = libimobiledevice.xcodeproj; path = ../../libimobiledevice/Xcode/libimobiledevice.xcodeproj; sourceTree = "<group>"; };
		C8FAFB501A8F04C000FDD7CB /* MBProgressHUD.xcodeproj */ = {isa = PBXFileReference; lastKnownFileType = "wrapper.pb-project"; name = MBProgressHUD.xcodeproj; path = "../../MBProgressHUD-OSX/MBProgressHUD.xcodeproj"; sourceTree = "<group>"; };
		C8FAFB6D1A8F04E500FDD7CB /* libplist.a */ = {isa = PBXFileReference; lastKnownFileType = archive.ar; name = libplist.a; path = ../../libplist/Xcode/build/Debug/libplist.a; sourceTree = "<group>"; };
		C8FAFB6E1A8F04E500FDD7CB /* libusb-1.0.0.a */ = {isa = PBXFileReference; lastKnownFileType = archive.ar; name = "libusb-1.0.0.a"; path = "../../libusb/Xcode/build/Debug/libusb-1.0.0.a"; sourceTree = "<group>"; };
		C8FAFB6F1A8F04E500FDD7CB /* libusbmuxd.a */ = {isa = PBXFileReference; lastKnownFileType = archive.ar; name = libusbmuxd.a; path = ../../libusbmuxd/Xcode/build/Debug/libusbmuxd.a; sourceTree = "<group>"; };
		C8FAFB731A8F04F300FDD7CB /* libxml2.dylib */ = {isa = PBXFileReference; lastKnownFileType = "compiled.mach-o.dylib"; name = libxml2.dylib; path = usr/lib/libxml2.dylib; sourceTree = SDKROOT; };
		C8FAFB771A8F055700FDD7CB /* Base */ = {isa = PBXFileReference; lastKnownFileType = text.plist.strings; name = Base; path = Base.lproj/Localizable.strings; sourceTree = "<group>"; };
		C8FAFB951A8F061900FDD7CB /* DeveloperDiskImage.dmg */ = {isa = PBXFileReference; lastKnownFileType = file; path = DeveloperDiskImage.dmg; sourceTree = "<group>"; };
		C8FAFB961A8F061900FDD7CB /* DeveloperDiskImage.dmg.signature */ = {isa = PBXFileReference; lastKnownFileType = file; path = DeveloperDiskImage.dmg.signature; sourceTree = "<group>"; };
		C8FAFB981A8F061900FDD7CB /* DeveloperDiskImage.dmg */ = {isa = PBXFileReference; lastKnownFileType = file; path = DeveloperDiskImage.dmg; sourceTree = "<group>"; };
		C8FAFB991A8F061900FDD7CB /* DeveloperDiskImage.dmg.signature */ = {isa = PBXFileReference; lastKnownFileType = file; path = DeveloperDiskImage.dmg.signature; sourceTree = "<group>"; };
		C8FAFB9B1A8F061900FDD7CB /* DeveloperDiskImage.dmg */ = {isa = PBXFileReference; lastKnownFileType = file; path = DeveloperDiskImage.dmg; sourceTree = "<group>"; };
		C8FAFB9C1A8F061900FDD7CB /* DeveloperDiskImage.dmg.signature */ = {isa = PBXFileReference; lastKnownFileType = file; path = DeveloperDiskImage.dmg.signature; sourceTree = "<group>"; };
		C8FAFB9E1A8F061900FDD7CB /* DeveloperDiskImage.dmg */ = {isa = PBXFileReference; lastKnownFileType = file; path = DeveloperDiskImage.dmg; sourceTree = "<group>"; };
		C8FAFB9F1A8F061900FDD7CB /* DeveloperDiskImage.dmg.signature */ = {isa = PBXFileReference; lastKnownFileType = file; path = DeveloperDiskImage.dmg.signature; sourceTree = "<group>"; };
		C8FAFBA01A8F061900FDD7CB /* mounter */ = {isa = PBXFileReference; lastKnownFileType = "compiled.mach-o.executable"; path = mounter; sourceTree = "<group>"; };
		C8FAFBAC1A8F06B500FDD7CB /* zh-Hans */ = {isa = PBXFileReference; lastKnownFileType = text.plist.strings; name = "zh-Hans"; path = "zh-Hans.lproj/Localizable.strings"; sourceTree = "<group>"; };
		C8FAFBAD1A8F06B500FDD7CB /* zh-Hans */ = {isa = PBXFileReference; lastKnownFileType = file.storyboard; name = "zh-Hans"; path = "zh-Hans.lproj/Main.storyboard"; sourceTree = "<group>"; };
/* End PBXFileReference section */

/* Begin PBXFrameworksBuildPhase section */
		C8FAFAFA1A8F038A00FDD7CB /* Frameworks */ = {
			isa = PBXFrameworksBuildPhase;
			buildActionMask = 2147483647;
			files = (
				C8FAFB741A8F04F300FDD7CB /* libxml2.dylib in Frameworks */,
				C8FAFB701A8F04E500FDD7CB /* libplist.a in Frameworks */,
				C8FAFB711A8F04E500FDD7CB /* libusb-1.0.0.a in Frameworks */,
				C8FAFB721A8F04E500FDD7CB /* libusbmuxd.a in Frameworks */,
				C8FAFB6B1A8F04E400FDD7CB /* libimobiledevice.a in Frameworks */,
				C8FAFB6C1A8F04E400FDD7CB /* libMBProgressHUD.a in Frameworks */,
			);
			runOnlyForDeploymentPostprocessing = 0;
		};
		C8FAFB101A8F038A00FDD7CB /* Frameworks */ = {
			isa = PBXFrameworksBuildPhase;
			buildActionMask = 2147483647;
			files = (
			);
			runOnlyForDeploymentPostprocessing = 0;
		};
/* End PBXFrameworksBuildPhase section */

/* Begin PBXGroup section */
		C8FAFAF41A8F038900FDD7CB = {
			isa = PBXGroup;
			children = (
				C8FAFB281A8F03D400FDD7CB /* Frameworks */,
				C8FAFAFE1A8F038A00FDD7CB /* Products */,
				C8FAFAFF1A8F038A00FDD7CB /* xSnap */,
				C8FAFB161A8F038A00FDD7CB /* xSnapTests */,
			);
			sourceTree = "<group>";
		};
		C8FAFAFE1A8F038A00FDD7CB /* Products */ = {
			isa = PBXGroup;
			children = (
				C8FAFAFD1A8F038A00FDD7CB /* xSnap.app */,
				C8FAFB131A8F038A00FDD7CB /* xSnapTests.xctest */,
			);
			name = Products;
			sourceTree = "<group>";
		};
		C8FAFAFF1A8F038A00FDD7CB /* xSnap */ = {
			isa = PBXGroup;
			children = (
				C8FAFB871A8F060700FDD7CB /* Resources */,
				C8FAFB761A8F055700FDD7CB /* Localizable.strings */,
				C8FAFB021A8F038A00FDD7CB /* AppDelegate.h */,
				C8FAFB031A8F038A00FDD7CB /* AppDelegate.m */,
				C8FAFB0A1A8F038A00FDD7CB /* Images.xcassets */,
				C8FAFB0C1A8F038A00FDD7CB /* Main.storyboard */,
				C8FAFB001A8F038A00FDD7CB /* Supporting Files */,
				C8FAFB231A8F03C600FDD7CB /* WindowController.h */,
				C8FAFB241A8F03C600FDD7CB /* WindowController.m */,
				C8FAFB251A8F03C600FDD7CB /* xSnap.entitlements */,
			);
			path = xSnap;
			sourceTree = "<group>";
		};
		C8FAFB001A8F038A00FDD7CB /* Supporting Files */ = {
			isa = PBXGroup;
			children = (
				C8FAFB011A8F038A00FDD7CB /* Info.plist */,
				C8FAFB051A8F038A00FDD7CB /* main.m */,
			);
			name = "Supporting Files";
			sourceTree = "<group>";
		};
		C8FAFB161A8F038A00FDD7CB /* xSnapTests */ = {
			isa = PBXGroup;
			children = (
				C8FAFB191A8F038A00FDD7CB /* xSnapTests.m */,
				C8FAFB171A8F038A00FDD7CB /* Supporting Files */,
			);
			path = xSnapTests;
			sourceTree = "<group>";
		};
		C8FAFB171A8F038A00FDD7CB /* Supporting Files */ = {
			isa = PBXGroup;
			children = (
				C8FAFB181A8F038A00FDD7CB /* Info.plist */,
			);
			name = "Supporting Files";
			sourceTree = "<group>";
		};
		C8FAFB281A8F03D400FDD7CB /* Frameworks */ = {
			isa = PBXGroup;
			children = (
				C8FAFB731A8F04F300FDD7CB /* libxml2.dylib */,
				C8FAFB6D1A8F04E500FDD7CB /* libplist.a */,
				C8FAFB6E1A8F04E500FDD7CB /* libusb-1.0.0.a */,
				C8FAFB6F1A8F04E500FDD7CB /* libusbmuxd.a */,
				C8FAFB501A8F04C000FDD7CB /* MBProgressHUD.xcodeproj */,
				C8FAFB291A8F040A00FDD7CB /* libimobiledevice.xcodeproj */,
			);
			name = Frameworks;
			sourceTree = "<group>";
		};
		C8FAFB2A1A8F040A00FDD7CB /* Products */ = {
			isa = PBXGroup;
			children = (
				C8FAFB3B1A8F040A00FDD7CB /* libimobiledevice.a */,
				C8FAFB3D1A8F040A00FDD7CB /* idevice_id */,
				C8FAFB3F1A8F040A00FDD7CB /* idevicecrashreport */,
				C8FAFB411A8F040A00FDD7CB /* idevicediagnotics */,
				C8FAFB431A8F040A00FDD7CB /* ideviceinfo */,
				C8FAFB451A8F040A00FDD7CB /* ideviceimagemounter */,
				C8FAFB471A8F040A00FDD7CB /* idevicename */,
				C8FAFB491A8F040A00FDD7CB /* idevicepair */,
				C8FAFB4B1A8F040A00FDD7CB /* idevicescreenshot */,
				C8FAFB4D1A8F040A00FDD7CB /* idevicesyslog */,
			);
			name = Products;
			sourceTree = "<group>";
		};
		C8FAFB511A8F04C000FDD7CB /* Products */ = {
			isa = PBXGroup;
			children = (
				C8FAFB561A8F04C100FDD7CB /* libMBProgressHUD.a */,
				C8FAFB581A8F04C100FDD7CB /* MBProgressHUDTests.xctest */,
			);
			name = Products;
			sourceTree = "<group>";
		};
		C8FAFB871A8F060700FDD7CB /* Resources */ = {
			isa = PBXGroup;
			children = (
				C8FAFB941A8F061900FDD7CB /* 7.0 */,
				C8FAFB971A8F061900FDD7CB /* 7.1 */,
				C8FAFB9A1A8F061900FDD7CB /* 8.0 */,
				C8FAFB9D1A8F061900FDD7CB /* 8.1 */,
				C8FAFBA01A8F061900FDD7CB /* mounter */,
			);
			name = Resources;
			sourceTree = "<group>";
		};
		C8FAFB941A8F061900FDD7CB /* 7.0 */ = {
			isa = PBXGroup;
			children = (
				C8FAFB951A8F061900FDD7CB /* DeveloperDiskImage.dmg */,
				C8FAFB961A8F061900FDD7CB /* DeveloperDiskImage.dmg.signature */,
			);
			path = 7.0;
			sourceTree = "<group>";
		};
		C8FAFB971A8F061900FDD7CB /* 7.1 */ = {
			isa = PBXGroup;
			children = (
				C8FAFB981A8F061900FDD7CB /* DeveloperDiskImage.dmg */,
				C8FAFB991A8F061900FDD7CB /* DeveloperDiskImage.dmg.signature */,
			);
			path = 7.1;
			sourceTree = "<group>";
		};
		C8FAFB9A1A8F061900FDD7CB /* 8.0 */ = {
			isa = PBXGroup;
			children = (
				C8FAFB9B1A8F061900FDD7CB /* DeveloperDiskImage.dmg */,
				C8FAFB9C1A8F061900FDD7CB /* DeveloperDiskImage.dmg.signature */,
			);
			path = 8.0;
			sourceTree = "<group>";
		};
		C8FAFB9D1A8F061900FDD7CB /* 8.1 */ = {
			isa = PBXGroup;
			children = (
				C8FAFB9E1A8F061900FDD7CB /* DeveloperDiskImage.dmg */,
				C8FAFB9F1A8F061900FDD7CB /* DeveloperDiskImage.dmg.signature */,
			);
			path = 8.1;
			sourceTree = "<group>";
		};
/* End PBXGroup section */

/* Begin PBXNativeTarget section */
		C8FAFAFC1A8F038A00FDD7CB /* xSnap */ = {
			isa = PBXNativeTarget;
			buildConfigurationList = C8FAFB1D1A8F038A00FDD7CB /* Build configuration list for PBXNativeTarget "xSnap" */;
			buildPhases = (
				C8FAFAF91A8F038A00FDD7CB /* Sources */,
				C8FAFAFA1A8F038A00FDD7CB /* Frameworks */,
				C8FAFAFB1A8F038A00FDD7CB /* Resources */,
			);
			buildRules = (
			);
			dependencies = (
			);
			name = xSnap;
			productName = xSnap;
			productReference = C8FAFAFD1A8F038A00FDD7CB /* xSnap.app */;
			productType = "com.apple.product-type.application";
		};
		C8FAFB121A8F038A00FDD7CB /* xSnapTests */ = {
			isa = PBXNativeTarget;
			buildConfigurationList = C8FAFB201A8F038A00FDD7CB /* Build configuration list for PBXNativeTarget "xSnapTests" */;
			buildPhases = (
				C8FAFB0F1A8F038A00FDD7CB /* Sources */,
				C8FAFB101A8F038A00FDD7CB /* Frameworks */,
				C8FAFB111A8F038A00FDD7CB /* Resources */,
			);
			buildRules = (
			);
			dependencies = (
				C8FAFB151A8F038A00FDD7CB /* PBXTargetDependency */,
			);
			name = xSnapTests;
			productName = xSnapTests;
			productReference = C8FAFB131A8F038A00FDD7CB /* xSnapTests.xctest */;
			productType = "com.apple.product-type.bundle.unit-test";
		};
/* End PBXNativeTarget section */

/* Begin PBXProject section */
		C8FAFAF51A8F038900FDD7CB /* Project object */ = {
			isa = PBXProject;
			attributes = {
				LastUpgradeCheck = 0610;
				ORGANIZATIONNAME = olunx;
				TargetAttributes = {
					C8FAFAFC1A8F038A00FDD7CB = {
						CreatedOnToolsVersion = 6.1.1;
					};
					C8FAFB121A8F038A00FDD7CB = {
						CreatedOnToolsVersion = 6.1.1;
						TestTargetID = C8FAFAFC1A8F038A00FDD7CB;
					};
				};
			};
			buildConfigurationList = C8FAFAF81A8F038900FDD7CB /* Build configuration list for PBXProject "xSnap" */;
			compatibilityVersion = "Xcode 3.2";
			developmentRegion = English;
			hasScannedForEncodings = 0;
			knownRegions = (
				en,
				Base,
				"zh-Hans",
			);
			mainGroup = C8FAFAF41A8F038900FDD7CB;
			productRefGroup = C8FAFAFE1A8F038A00FDD7CB /* Products */;
			projectDirPath = "";
			projectReferences = (
				{
					ProductGroup = C8FAFB2A1A8F040A00FDD7CB /* Products */;
					ProjectRef = C8FAFB291A8F040A00FDD7CB /* libimobiledevice.xcodeproj */;
				},
				{
					ProductGroup = C8FAFB511A8F04C000FDD7CB /* Products */;
					ProjectRef = C8FAFB501A8F04C000FDD7CB /* MBProgressHUD.xcodeproj */;
				},
			);
			projectRoot = "";
			targets = (
				C8FAFAFC1A8F038A00FDD7CB /* xSnap */,
				C8FAFB121A8F038A00FDD7CB /* xSnapTests */,
			);
		};
/* End PBXProject section */

/* Begin PBXReferenceProxy section */
		C8FAFB3B1A8F040A00FDD7CB /* libimobiledevice.a */ = {
			isa = PBXReferenceProxy;
			fileType = "compiled.mach-o.dylib";
			path = libimobiledevice.a;
			remoteRef = C8FAFB3A1A8F040A00FDD7CB /* PBXContainerItemProxy */;
			sourceTree = BUILT_PRODUCTS_DIR;
		};
		C8FAFB3D1A8F040A00FDD7CB /* idevice_id */ = {
			isa = PBXReferenceProxy;
			fileType = "compiled.mach-o.executable";
			path = idevice_id;
			remoteRef = C8FAFB3C1A8F040A00FDD7CB /* PBXContainerItemProxy */;
			sourceTree = BUILT_PRODUCTS_DIR;
		};
		C8FAFB3F1A8F040A00FDD7CB /* idevicecrashreport */ = {
			isa = PBXReferenceProxy;
			fileType = "compiled.mach-o.executable";
			path = idevicecrashreport;
			remoteRef = C8FAFB3E1A8F040A00FDD7CB /* PBXContainerItemProxy */;
			sourceTree = BUILT_PRODUCTS_DIR;
		};
		C8FAFB411A8F040A00FDD7CB /* idevicediagnotics */ = {
			isa = PBXReferenceProxy;
			fileType = "compiled.mach-o.executable";
			path = idevicediagnotics;
			remoteRef = C8FAFB401A8F040A00FDD7CB /* PBXContainerItemProxy */;
			sourceTree = BUILT_PRODUCTS_DIR;
		};
		C8FAFB431A8F040A00FDD7CB /* ideviceinfo */ = {
			isa = PBXReferenceProxy;
			fileType = "compiled.mach-o.executable";
			path = ideviceinfo;
			remoteRef = C8FAFB421A8F040A00FDD7CB /* PBXContainerItemProxy */;
			sourceTree = BUILT_PRODUCTS_DIR;
		};
		C8FAFB451A8F040A00FDD7CB /* ideviceimagemounter */ = {
			isa = PBXReferenceProxy;
			fileType = "compiled.mach-o.executable";
			path = ideviceimagemounter;
			remoteRef = C8FAFB441A8F040A00FDD7CB /* PBXContainerItemProxy */;
			sourceTree = BUILT_PRODUCTS_DIR;
		};
		C8FAFB471A8F040A00FDD7CB /* idevicename */ = {
			isa = PBXReferenceProxy;
			fileType = "compiled.mach-o.executable";
			path = idevicename;
			remoteRef = C8FAFB461A8F040A00FDD7CB /* PBXContainerItemProxy */;
			sourceTree = BUILT_PRODUCTS_DIR;
		};
		C8FAFB491A8F040A00FDD7CB /* idevicepair */ = {
			isa = PBXReferenceProxy;
			fileType = "compiled.mach-o.executable";
			path = idevicepair;
			remoteRef = C8FAFB481A8F040A00FDD7CB /* PBXContainerItemProxy */;
			sourceTree = BUILT_PRODUCTS_DIR;
		};
		C8FAFB4B1A8F040A00FDD7CB /* idevicescreenshot */ = {
			isa = PBXReferenceProxy;
			fileType = "compiled.mach-o.executable";
			path = idevicescreenshot;
			remoteRef = C8FAFB4A1A8F040A00FDD7CB /* PBXContainerItemProxy */;
			sourceTree = BUILT_PRODUCTS_DIR;
		};
		C8FAFB4D1A8F040A00FDD7CB /* idevicesyslog */ = {
			isa = PBXReferenceProxy;
			fileType = "compiled.mach-o.executable";
			path = idevicesyslog;
			remoteRef = C8FAFB4C1A8F040A00FDD7CB /* PBXContainerItemProxy */;
			sourceTree = BUILT_PRODUCTS_DIR;
		};
		C8FAFB561A8F04C100FDD7CB /* libMBProgressHUD.a */ = {
			isa = PBXReferenceProxy;
			fileType = archive.ar;
			path = libMBProgressHUD.a;
			remoteRef = C8FAFB551A8F04C100FDD7CB /* PBXContainerItemProxy */;
			sourceTree = BUILT_PRODUCTS_DIR;
		};
		C8FAFB581A8F04C100FDD7CB /* MBProgressHUDTests.xctest */ = {
			isa = PBXReferenceProxy;
			fileType = wrapper.cfbundle;
			path = MBProgressHUDTests.xctest;
			remoteRef = C8FAFB571A8F04C100FDD7CB /* PBXContainerItemProxy */;
			sourceTree = BUILT_PRODUCTS_DIR;
		};
/* End PBXReferenceProxy section */

/* Begin PBXResourcesBuildPhase section */
		C8FAFAFB1A8F038A00FDD7CB /* Resources */ = {
			isa = PBXResourcesBuildPhase;
			buildActionMask = 2147483647;
			files = (
				C8FAFB271A8F03C600FDD7CB /* xSnap.entitlements in Resources */,
				C8FAFBA31A8F061900FDD7CB /* DeveloperDiskImage.dmg in Resources */,
				C8FAFBA71A8F061900FDD7CB /* DeveloperDiskImage.dmg in Resources */,
				C8FAFB781A8F055700FDD7CB /* Localizable.strings in Resources */,
				C8FAFBA21A8F061900FDD7CB /* DeveloperDiskImage.dmg.signature in Resources */,
				C8FAFBA51A8F061900FDD7CB /* DeveloperDiskImage.dmg in Resources */,
				C8FAFBA41A8F061900FDD7CB /* DeveloperDiskImage.dmg.signature in Resources */,
				C8FAFB0B1A8F038A00FDD7CB /* Images.xcassets in Resources */,
				C8FAFBA81A8F061900FDD7CB /* DeveloperDiskImage.dmg.signature in Resources */,
				C8FAFBA11A8F061900FDD7CB /* DeveloperDiskImage.dmg in Resources */,
				C8FAFBA61A8F061900FDD7CB /* DeveloperDiskImage.dmg.signature in Resources */,
				C8FAFB0E1A8F038A00FDD7CB /* Main.storyboard in Resources */,
				C8FAFBA91A8F061900FDD7CB /* mounter in Resources */,
			);
			runOnlyForDeploymentPostprocessing = 0;
		};
		C8FAFB111A8F038A00FDD7CB /* Resources */ = {
			isa = PBXResourcesBuildPhase;
			buildActionMask = 2147483647;
			files = (
			);
			runOnlyForDeploymentPostprocessing = 0;
		};
/* End PBXResourcesBuildPhase section */

/* Begin PBXSourcesBuildPhase section */
		C8FAFAF91A8F038A00FDD7CB /* Sources */ = {
			isa = PBXSourcesBuildPhase;
			buildActionMask = 2147483647;
			files = (
				C8FAFB261A8F03C600FDD7CB /* WindowController.m in Sources */,
				C8FAFB061A8F038A00FDD7CB /* main.m in Sources */,
				C8FAFB041A8F038A00FDD7CB /* AppDelegate.m in Sources */,
			);
			runOnlyForDeploymentPostprocessing = 0;
		};
		C8FAFB0F1A8F038A00FDD7CB /* Sources */ = {
			isa = PBXSourcesBuildPhase;
			buildActionMask = 2147483647;
			files = (
				C8FAFB1A1A8F038A00FDD7CB /* xSnapTests.m in Sources */,
			);
			runOnlyForDeploymentPostprocessing = 0;
		};
/* End PBXSourcesBuildPhase section */

/* Begin PBXTargetDependency section */
		C8FAFB151A8F038A00FDD7CB /* PBXTargetDependency */ = {
			isa = PBXTargetDependency;
			target = C8FAFAFC1A8F038A00FDD7CB /* xSnap */;
			targetProxy = C8FAFB141A8F038A00FDD7CB /* PBXContainerItemProxy */;
		};
/* End PBXTargetDependency section */

/* Begin PBXVariantGroup section */
		C8FAFB0C1A8F038A00FDD7CB /* Main.storyboard */ = {
			isa = PBXVariantGroup;
			children = (
				C8FAFB0D1A8F038A00FDD7CB /* Base */,
				C8FAFBAD1A8F06B500FDD7CB /* zh-Hans */,
			);
			name = Main.storyboard;
			sourceTree = "<group>";
		};
		C8FAFB761A8F055700FDD7CB /* Localizable.strings */ = {
			isa = PBXVariantGroup;
			children = (
				C8FAFB771A8F055700FDD7CB /* Base */,
				C8FAFBAC1A8F06B500FDD7CB /* zh-Hans */,
			);
			name = Localizable.strings;
			sourceTree = "<group>";
		};
/* End PBXVariantGroup section */

/* Begin XCBuildConfiguration section */
		C8FAFB1B1A8F038A00FDD7CB /* Debug */ = {
			isa = XCBuildConfiguration;
			buildSettings = {
				ALWAYS_SEARCH_USER_PATHS = NO;
				CLANG_CXX_LANGUAGE_STANDARD = "gnu++0x";
				CLANG_CXX_LIBRARY = "libc++";
				CLANG_ENABLE_MODULES = YES;
				CLANG_ENABLE_OBJC_ARC = YES;
				CLANG_WARN_BOOL_CONVERSION = YES;
				CLANG_WARN_CONSTANT_CONVERSION = YES;
				CLANG_WARN_DIRECT_OBJC_ISA_USAGE = YES_ERROR;
				CLANG_WARN_EMPTY_BODY = YES;
				CLANG_WARN_ENUM_CONVERSION = YES;
				CLANG_WARN_INT_CONVERSION = YES;
				CLANG_WARN_OBJC_ROOT_CLASS = YES_ERROR;
				CLANG_WARN_UNREACHABLE_CODE = YES;
				CLANG_WARN__DUPLICATE_METHOD_MATCH = YES;
				CODE_SIGN_IDENTITY = "-";
				COPY_PHASE_STRIP = NO;
				ENABLE_STRICT_OBJC_MSGSEND = YES;
				GCC_C_LANGUAGE_STANDARD = gnu99;
				GCC_DYNAMIC_NO_PIC = NO;
				GCC_OPTIMIZATION_LEVEL = 0;
				GCC_PREPROCESSOR_DEFINITIONS = (
					"DEBUG=1",
					"$(inherited)",
				);
				GCC_SYMBOLS_PRIVATE_EXTERN = NO;
				GCC_WARN_64_TO_32_BIT_CONVERSION = YES;
				GCC_WARN_ABOUT_RETURN_TYPE = YES_ERROR;
				GCC_WARN_UNDECLARED_SELECTOR = YES;
				GCC_WARN_UNINITIALIZED_AUTOS = YES_AGGRESSIVE;
				GCC_WARN_UNUSED_FUNCTION = YES;
				GCC_WARN_UNUSED_VARIABLE = YES;
				MACOSX_DEPLOYMENT_TARGET = 10.9;
				MTL_ENABLE_DEBUG_INFO = YES;
				ONLY_ACTIVE_ARCH = YES;
				SDKROOT = macosx;
			};
			name = Debug;
		};
		C8FAFB1C1A8F038A00FDD7CB /* Release */ = {
			isa = XCBuildConfiguration;
			buildSettings = {
				ALWAYS_SEARCH_USER_PATHS = NO;
				CLANG_CXX_LANGUAGE_STANDARD = "gnu++0x";
				CLANG_CXX_LIBRARY = "libc++";
				CLANG_ENABLE_MODULES = YES;
				CLANG_ENABLE_OBJC_ARC = YES;
				CLANG_WARN_BOOL_CONVERSION = YES;
				CLANG_WARN_CONSTANT_CONVERSION = YES;
				CLANG_WARN_DIRECT_OBJC_ISA_USAGE = YES_ERROR;
				CLANG_WARN_EMPTY_BODY = YES;
				CLANG_WARN_ENUM_CONVERSION = YES;
				CLANG_WARN_INT_CONVERSION = YES;
				CLANG_WARN_OBJC_ROOT_CLASS = YES_ERROR;
				CLANG_WARN_UNREACHABLE_CODE = YES;
				CLANG_WARN__DUPLICATE_METHOD_MATCH = YES;
				CODE_SIGN_IDENTITY = "-";
				COPY_PHASE_STRIP = YES;
				DEBUG_INFORMATION_FORMAT = "dwarf-with-dsym";
				ENABLE_NS_ASSERTIONS = NO;
				ENABLE_STRICT_OBJC_MSGSEND = YES;
				GCC_C_LANGUAGE_STANDARD = gnu99;
				GCC_WARN_64_TO_32_BIT_CONVERSION = YES;
				GCC_WARN_ABOUT_RETURN_TYPE = YES_ERROR;
				GCC_WARN_UNDECLARED_SELECTOR = YES;
				GCC_WARN_UNINITIALIZED_AUTOS = YES_AGGRESSIVE;
				GCC_WARN_UNUSED_FUNCTION = YES;
				GCC_WARN_UNUSED_VARIABLE = YES;
				MACOSX_DEPLOYMENT_TARGET = 10.9;
				MTL_ENABLE_DEBUG_INFO = NO;
				SDKROOT = macosx;
			};
			name = Release;
		};
		C8FAFB1E1A8F038A00FDD7CB /* Debug */ = {
			isa = XCBuildConfiguration;
			buildSettings = {
				ALWAYS_SEARCH_USER_PATHS = YES;
				ASSETCATALOG_COMPILER_APPICON_NAME = AppIcon;
				COMBINE_HIDPI_IMAGES = YES;
				HEADER_SEARCH_PATHS = (
					"$(inherited)",
					/Applications/Xcode.app/Contents/Developer/Toolchains/XcodeDefault.xctoolchain/usr/include,
					../../libplist/include/,
					../../libimobiledevice/include/,
					../../libimobiledevice/,
					"../../MBProgressHUD-OSX/",
				);
				INFOPLIST_FILE = xSnap/Info.plist;
				LD_RUNPATH_SEARCH_PATHS = "$(inherited) @executable_path/../Frameworks";
				LIBRARY_SEARCH_PATHS = (
					"$(inherited)",
					/Users/olunx/Documents/workspace/libplist/Xcode/build/Debug,
					/Users/olunx/Documents/workspace/libusb/Xcode/build/Debug,
					/Users/olunx/Documents/workspace/libusbmuxd/Xcode/build/Debug,
				);
				MACOSX_DEPLOYMENT_TARGET = 10.9;
				PRODUCT_NAME = "$(TARGET_NAME)";
			};
			name = Debug;
		};
		C8FAFB1F1A8F038A00FDD7CB /* Release */ = {
			isa = XCBuildConfiguration;
			buildSettings = {
				ALWAYS_SEARCH_USER_PATHS = YES;
				ASSETCATALOG_COMPILER_APPICON_NAME = AppIcon;
				COMBINE_HIDPI_IMAGES = YES;
				HEADER_SEARCH_PATHS = (
					"$(inherited)",
					/Applications/Xcode.app/Contents/Developer/Toolchains/XcodeDefault.xctoolchain/usr/include,
					../../libplist/include/,
					../../libimobiledevice/include/,
					../../libimobiledevice/,
					"../../MBProgressHUD-OSX/",
				);
				INFOPLIST_FILE = xSnap/Info.plist;
				LD_RUNPATH_SEARCH_PATHS = "$(inherited) @executable_path/../Frameworks";
				LIBRARY_SEARCH_PATHS = (
					"$(inherited)",
					/Users/olunx/Documents/workspace/libplist/Xcode/build/Debug,
					/Users/olunx/Documents/workspace/libusb/Xcode/build/Debug,
					/Users/olunx/Documents/workspace/libusbmuxd/Xcode/build/Debug,
				);
				MACOSX_DEPLOYMENT_TARGET = 10.9;
				PRODUCT_NAME = "$(TARGET_NAME)";
			};
			name = Release;
		};
		C8FAFB211A8F038A00FDD7CB /* Debug */ = {
			isa = XCBuildConfiguration;
			buildSettings = {
				BUNDLE_LOADER = "$(TEST_HOST)";
				COMBINE_HIDPI_IMAGES = YES;
				FRAMEWORK_SEARCH_PATHS = (
					"$(DEVELOPER_FRAMEWORKS_DIR)",
					"$(inherited)",
				);
				GCC_PREPROCESSOR_DEFINITIONS = (
					"DEBUG=1",
					"$(inherited)",
				);
				INFOPLIST_FILE = xSnapTests/Info.plist;
				LD_RUNPATH_SEARCH_PATHS = "$(inherited) @executable_path/../Frameworks @loader_path/../Frameworks";
				PRODUCT_NAME = "$(TARGET_NAME)";
				TEST_HOST = "$(BUILT_PRODUCTS_DIR)/xSnap.app/Contents/MacOS/xSnap";
			};
			name = Debug;
		};
		C8FAFB221A8F038A00FDD7CB /* Release */ = {
			isa = XCBuildConfiguration;
			buildSettings = {
				BUNDLE_LOADER = "$(TEST_HOST)";
				COMBINE_HIDPI_IMAGES = YES;
				FRAMEWORK_SEARCH_PATHS = (
					"$(DEVELOPER_FRAMEWORKS_DIR)",
					"$(inherited)",
				);
				INFOPLIST_FILE = xSnapTests/Info.plist;
				LD_RUNPATH_SEARCH_PATHS = "$(inherited) @executable_path/../Frameworks @loader_path/../Frameworks";
				PRODUCT_NAME = "$(TARGET_NAME)";
				TEST_HOST = "$(BUILT_PRODUCTS_DIR)/xSnap.app/Contents/MacOS/xSnap";
			};
			name = Release;
		};
/* End XCBuildConfiguration section */

/* Begin XCConfigurationList section */
		C8FAFAF81A8F038900FDD7CB /* Build configuration list for PBXProject "xSnap" */ = {
			isa = XCConfigurationList;
			buildConfigurations = (
				C8FAFB1B1A8F038A00FDD7CB /* Debug */,
				C8FAFB1C1A8F038A00FDD7CB /* Release */,
			);
			defaultConfigurationIsVisible = 0;
			defaultConfigurationName = Release;
		};
		C8FAFB1D1A8F038A00FDD7CB /* Build configuration list for PBXNativeTarget "xSnap" */ = {
			isa = XCConfigurationList;
			buildConfigurations = (
				C8FAFB1E1A8F038A00FDD7CB /* Debug */,
				C8FAFB1F1A8F038A00FDD7CB /* Release */,
			);
			defaultConfigurationIsVisible = 0;
			defaultConfigurationName = Release;
		};
		C8FAFB201A8F038A00FDD7CB /* Build configuration list for PBXNativeTarget "xSnapTests" */ = {
			isa = XCConfigurationList;
			buildConfigurations = (
				C8FAFB211A8F038A00FDD7CB /* Debug */,
				C8FAFB221A8F038A00FDD7CB /* Release */,
			);
			defaultConfigurationIsVisible = 0;
			defaultConfigurationName = Release;
		};
/* End XCConfigurationList section */
	};
	rootObject = C8FAFAF51A8F038900FDD7CB /* Project object */;
}
