// !$*UTF8*$!
{
	archiveVersion = 1;
	classes = {
	};
	objectVersion = 46;
	objects = {

/* Begin PBXBuildFile section */
		C82F34BD1AD7D29100E130C3 /* TSTextField.m in Sources */ = {isa = PBXBuildFile; fileRef = C82F34BC1AD7D29100E130C3 /* TSTextField.m */; };
		C83547781ADB9D6200BE0F00 /* NSLabel.m in Sources */ = {isa = PBXBuildFile; fileRef = C83547771ADB9D6200BE0F00 /* NSLabel.m */; };
		C83547931ADBB52A00BE0F00 /* NSAttributedAlert.m in Sources */ = {isa = PBXBuildFile; fileRef = C83547921ADBB52A00BE0F00 /* NSAttributedAlert.m */; };
		C83D74451ADE65A300C87652 /* base32.c in Sources */ = {isa = PBXBuildFile; fileRef = C83D74421ADE65A300C87652 /* base32.c */; };
		C83D74461ADE65A300C87652 /* elliptic_license.c in Sources */ = {isa = PBXBuildFile; fileRef = C83D74431ADE65A300C87652 /* elliptic_license.c */; };
		C83D744C1ADE65B200C87652 /* EllipticLicense.m in Sources */ = {isa = PBXBuildFile; fileRef = C83D74491ADE65B200C87652 /* EllipticLicense.m */; };
		C83D744D1ADE65B200C87652 /* NSData+ELAdditions.m in Sources */ = {isa = PBXBuildFile; fileRef = C83D744B1ADE65B200C87652 /* NSData+ELAdditions.m */; };
		C83D744F1ADE660100C87652 /* libcrypto.dylib in Frameworks */ = {isa = PBXBuildFile; fileRef = C83D744E1ADE660100C87652 /* libcrypto.dylib */; };
		C853D58E1A90FBE90046A6F2 /* WindowController.m in Sources */ = {isa = PBXBuildFile; fileRef = C853D58D1A90FBE90046A6F2 /* WindowController.m */; };
		C8E4938D1A937A8C00EF062D /* Localizable.strings in Resources */ = {isa = PBXBuildFile; fileRef = C8E4938B1A937A8C00EF062D /* Localizable.strings */; };
		C8FAFACA1A8F029400FDD7CB /* AppDelegate.m in Sources */ = {isa = PBXBuildFile; fileRef = C8FAFAC91A8F029400FDD7CB /* AppDelegate.m */; };
		C8FAFACC1A8F029400FDD7CB /* main.m in Sources */ = {isa = PBXBuildFile; fileRef = C8FAFACB1A8F029400FDD7CB /* main.m */; };
		C8FAFAD11A8F029400FDD7CB /* Images.xcassets in Resources */ = {isa = PBXBuildFile; fileRef = C8FAFAD01A8F029400FDD7CB /* Images.xcassets */; };
		C8FAFAD41A8F029400FDD7CB /* Main.storyboard in Resources */ = {isa = PBXBuildFile; fileRef = C8FAFAD21A8F029400FDD7CB /* Main.storyboard */; };
		C8FC06D81A9234A200720C6F /* Info.plist in Resources */ = {isa = PBXBuildFile; fileRef = C8FAFADE1A8F029400FDD7CB /* Info.plist */; };
		C8FC070C1A9245F900720C6F /* libMBProgressHUD.a in Frameworks */ = {isa = PBXBuildFile; fileRef = C8FC07091A9245E900720C6F /* libMBProgressHUD.a */; };
		C8FC07151A92481300720C6F /* adb in Resources */ = {isa = PBXBuildFile; fileRef = C8FC07141A92481300720C6F /* adb */; };
/* End PBXBuildFile section */

/* Begin PBXContainerItemProxy section */
		C8FC07081A9245E900720C6F /* PBXContainerItemProxy */ = {
			isa = PBXContainerItemProxy;
			containerPortal = C8FC07011A9245E900720C6F /* MBProgressHUD.xcodeproj */;
			proxyType = 2;
			remoteGlobalIDString = C8F2170A1A7B21A100EA8BC5;
			remoteInfo = MBProgressHUD;
		};
		C8FC070A1A9245E900720C6F /* PBXContainerItemProxy */ = {
			isa = PBXContainerItemProxy;
			containerPortal = C8FC07011A9245E900720C6F /* MBProgressHUD.xcodeproj */;
			proxyType = 2;
			remoteGlobalIDString = C8F217151A7B21A100EA8BC5;
			remoteInfo = MBProgressHUDTests;
		};
/* End PBXContainerItemProxy section */

/* Begin PBXFileReference section */
		C82F34BB1AD7D29100E130C3 /* TSTextField.h */ = {isa = PBXFileReference; fileEncoding = 4; lastKnownFileType = sourcecode.c.h; path = TSTextField.h; sourceTree = "<group>"; };
		C82F34BC1AD7D29100E130C3 /* TSTextField.m */ = {isa = PBXFileReference; fileEncoding = 4; lastKnownFileType = sourcecode.c.objc; path = TSTextField.m; sourceTree = "<group>"; };
		C83547761ADB9D6200BE0F00 /* NSLabel.h */ = {isa = PBXFileReference; fileEncoding = 4; lastKnownFileType = sourcecode.c.h; path = NSLabel.h; sourceTree = "<group>"; };
		C83547771ADB9D6200BE0F00 /* NSLabel.m */ = {isa = PBXFileReference; fileEncoding = 4; lastKnownFileType = sourcecode.c.objc; path = NSLabel.m; sourceTree = "<group>"; };
		C83547911ADBB52A00BE0F00 /* NSAttributedAlert.h */ = {isa = PBXFileReference; fileEncoding = 4; lastKnownFileType = sourcecode.c.h; path = NSAttributedAlert.h; sourceTree = "<group>"; };
		C83547921ADBB52A00BE0F00 /* NSAttributedAlert.m */ = {isa = PBXFileReference; fileEncoding = 4; lastKnownFileType = sourcecode.c.objc; path = NSAttributedAlert.m; sourceTree = "<group>"; };
		C83D74421ADE65A300C87652 /* base32.c */ = {isa = PBXFileReference; fileEncoding = 4; lastKnownFileType = sourcecode.c.c; name = base32.c; path = ../../ellipticlicense/c_api/base32.c; sourceTree = "<group>"; };
		C83D74431ADE65A300C87652 /* elliptic_license.c */ = {isa = PBXFileReference; fileEncoding = 4; lastKnownFileType = sourcecode.c.c; name = elliptic_license.c; path = ../../ellipticlicense/c_api/elliptic_license.c; sourceTree = "<group>"; };
		C83D74441ADE65A300C87652 /* elliptic_license.h */ = {isa = PBXFileReference; fileEncoding = 4; lastKnownFileType = sourcecode.c.h; name = elliptic_license.h; path = ../../ellipticlicense/c_api/elliptic_license.h; sourceTree = "<group>"; };
		C83D74471ADE65B200C87652 /* EllipticLicense_Prefix.pch */ = {isa = PBXFileReference; fileEncoding = 4; lastKnownFileType = sourcecode.c.h; name = EllipticLicense_Prefix.pch; path = ../../ellipticlicense/Framework/EllipticLicense_Prefix.pch; sourceTree = "<group>"; };
		C83D74481ADE65B200C87652 /* EllipticLicense.h */ = {isa = PBXFileReference; fileEncoding = 4; lastKnownFileType = sourcecode.c.h; name = EllipticLicense.h; path = ../../ellipticlicense/Framework/EllipticLicense.h; sourceTree = "<group>"; };
		C83D74491ADE65B200C87652 /* EllipticLicense.m */ = {isa = PBXFileReference; fileEncoding = 4; lastKnownFileType = sourcecode.c.objc; name = EllipticLicense.m; path = ../../ellipticlicense/Framework/EllipticLicense.m; sourceTree = "<group>"; };
		C83D744A1ADE65B200C87652 /* NSData+ELAdditions.h */ = {isa = PBXFileReference; fileEncoding = 4; lastKnownFileType = sourcecode.c.h; name = "NSData+ELAdditions.h"; path = "../../ellipticlicense/Framework/NSData+ELAdditions.h"; sourceTree = "<group>"; };
		C83D744B1ADE65B200C87652 /* NSData+ELAdditions.m */ = {isa = PBXFileReference; fileEncoding = 4; lastKnownFileType = sourcecode.c.objc; name = "NSData+ELAdditions.m"; path = "../../ellipticlicense/Framework/NSData+ELAdditions.m"; sourceTree = "<group>"; };
		C83D744E1ADE660100C87652 /* libcrypto.dylib */ = {isa = PBXFileReference; lastKnownFileType = "compiled.mach-o.dylib"; name = libcrypto.dylib; path = usr/lib/libcrypto.dylib; sourceTree = SDKROOT; };
		C853D58C1A90FBE90046A6F2 /* WindowController.h */ = {isa = PBXFileReference; fileEncoding = 4; lastKnownFileType = sourcecode.c.h; path = WindowController.h; sourceTree = "<group>"; };
		C853D58D1A90FBE90046A6F2 /* WindowController.m */ = {isa = PBXFileReference; fileEncoding = 4; lastKnownFileType = sourcecode.c.objc; path = WindowController.m; sourceTree = "<group>"; };
		C8E493841A9379B200EF062D /* zh-Hans */ = {isa = PBXFileReference; lastKnownFileType = file.storyboard; name = "zh-Hans"; path = "zh-Hans.lproj/Main.storyboard"; sourceTree = "<group>"; };
		C8E4938C1A937A8C00EF062D /* Base */ = {isa = PBXFileReference; lastKnownFileType = text.plist.strings; name = Base; path = Base.lproj/Localizable.strings; sourceTree = "<group>"; };
		C8E4938E1A937A9400EF062D /* zh-Hans */ = {isa = PBXFileReference; lastKnownFileType = text.plist.strings; name = "zh-Hans"; path = "zh-Hans.lproj/Localizable.strings"; sourceTree = "<group>"; };
		C8FAFAC31A8F029400FDD7CB /* aSnapx.app */ = {isa = PBXFileReference; explicitFileType = wrapper.application; includeInIndex = 0; path = aSnapx.app; sourceTree = BUILT_PRODUCTS_DIR; };
		C8FAFAC71A8F029400FDD7CB /* Info.plist */ = {isa = PBXFileReference; lastKnownFileType = text.plist.xml; path = Info.plist; sourceTree = "<group>"; };
		C8FAFAC81A8F029400FDD7CB /* AppDelegate.h */ = {isa = PBXFileReference; lastKnownFileType = sourcecode.c.h; path = AppDelegate.h; sourceTree = "<group>"; };
		C8FAFAC91A8F029400FDD7CB /* AppDelegate.m */ = {isa = PBXFileReference; lastKnownFileType = sourcecode.c.objc; path = AppDelegate.m; sourceTree = "<group>"; };
		C8FAFACB1A8F029400FDD7CB /* main.m */ = {isa = PBXFileReference; lastKnownFileType = sourcecode.c.objc; path = main.m; sourceTree = "<group>"; };
		C8FAFAD01A8F029400FDD7CB /* Images.xcassets */ = {isa = PBXFileReference; lastKnownFileType = folder.assetcatalog; path = Images.xcassets; sourceTree = "<group>"; };
		C8FAFAD31A8F029400FDD7CB /* Base */ = {isa = PBXFileReference; lastKnownFileType = file.storyboard; name = Base; path = Base.lproj/Main.storyboard; sourceTree = "<group>"; };
		C8FAFADE1A8F029400FDD7CB /* Info.plist */ = {isa = PBXFileReference; lastKnownFileType = text.plist.xml; path = Info.plist; sourceTree = "<group>"; };
		C8FAFADF1A8F029400FDD7CB /* aSnapTests.m */ = {isa = PBXFileReference; lastKnownFileType = sourcecode.c.objc; path = aSnapTests.m; sourceTree = "<group>"; };
		C8FC07011A9245E900720C6F /* MBProgressHUD.xcodeproj */ = {isa = PBXFileReference; lastKnownFileType = "wrapper.pb-project"; name = MBProgressHUD.xcodeproj; path = "../../MBProgressHUD-OSX/MBProgressHUD.xcodeproj"; sourceTree = "<group>"; };
		C8FC07141A92481300720C6F /* adb */ = {isa = PBXFileReference; lastKnownFileType = "compiled.mach-o.executable"; path = adb; sourceTree = "<group>"; };
/* End PBXFileReference section */

/* Begin PBXFrameworksBuildPhase section */
		C8FAFAC01A8F029400FDD7CB /* Frameworks */ = {
			isa = PBXFrameworksBuildPhase;
			buildActionMask = 2147483647;
			files = (
				C83D744F1ADE660100C87652 /* libcrypto.dylib in Frameworks */,
				C8FC070C1A9245F900720C6F /* libMBProgressHUD.a in Frameworks */,
			);
			runOnlyForDeploymentPostprocessing = 0;
		};
/* End PBXFrameworksBuildPhase section */

/* Begin PBXGroup section */
		C83D743F1ADE659600C87652 /* EllipticLiscense */ = {
			isa = PBXGroup;
			children = (
				C83D744E1ADE660100C87652 /* libcrypto.dylib */,
				C83D74471ADE65B200C87652 /* EllipticLicense_Prefix.pch */,
				C83D74481ADE65B200C87652 /* EllipticLicense.h */,
				C83D74491ADE65B200C87652 /* EllipticLicense.m */,
				C83D744A1ADE65B200C87652 /* NSData+ELAdditions.h */,
				C83D744B1ADE65B200C87652 /* NSData+ELAdditions.m */,
				C83D74421ADE65A300C87652 /* base32.c */,
				C83D74431ADE65A300C87652 /* elliptic_license.c */,
				C83D74441ADE65A300C87652 /* elliptic_license.h */,
			);
			name = EllipticLiscense;
			sourceTree = "<group>";
		};
		C8FAFABA1A8F029400FDD7CB = {
			isa = PBXGroup;
			children = (
				C8FAFAC51A8F029400FDD7CB /* aSnap */,
				C8FAFADC1A8F029400FDD7CB /* aSnapTests */,
				C8FAFAEA1A8F02D800FDD7CB /* Frameworks */,
				C8FAFAC41A8F029400FDD7CB /* Products */,
			);
			sourceTree = "<group>";
		};
		C8FAFAC41A8F029400FDD7CB /* Products */ = {
			isa = PBXGroup;
			children = (
				C8FAFAC31A8F029400FDD7CB /* aSnapx.app */,
			);
			name = Products;
			sourceTree = "<group>";
		};
		C8FAFAC51A8F029400FDD7CB /* aSnap */ = {
			isa = PBXGroup;
			children = (
				C83547911ADBB52A00BE0F00 /* NSAttributedAlert.h */,
				C83547921ADBB52A00BE0F00 /* NSAttributedAlert.m */,
				C83547761ADB9D6200BE0F00 /* NSLabel.h */,
				C83547771ADB9D6200BE0F00 /* NSLabel.m */,
				C82F34BB1AD7D29100E130C3 /* TSTextField.h */,
				C82F34BC1AD7D29100E130C3 /* TSTextField.m */,
				C8FAFAC81A8F029400FDD7CB /* AppDelegate.h */,
				C853D58C1A90FBE90046A6F2 /* WindowController.h */,
				C8FAFAC91A8F029400FDD7CB /* AppDelegate.m */,
				C853D58D1A90FBE90046A6F2 /* WindowController.m */,
				C8FAFAD01A8F029400FDD7CB /* Images.xcassets */,
				C8E4938B1A937A8C00EF062D /* Localizable.strings */,
				C8FAFAD21A8F029400FDD7CB /* Main.storyboard */,
				C8FC07131A92479100720C6F /* Resources */,
				C8FAFAC61A8F029400FDD7CB /* Supporting Files */,
			);
			path = aSnap;
			sourceTree = "<group>";
		};
		C8FAFAC61A8F029400FDD7CB /* Supporting Files */ = {
			isa = PBXGroup;
			children = (
				C8FAFAC71A8F029400FDD7CB /* Info.plist */,
				C8FAFACB1A8F029400FDD7CB /* main.m */,
			);
			name = "Supporting Files";
			sourceTree = "<group>";
		};
		C8FAFADC1A8F029400FDD7CB /* aSnapTests */ = {
			isa = PBXGroup;
			children = (
				C8FAFADF1A8F029400FDD7CB /* aSnapTests.m */,
				C8FAFADD1A8F029400FDD7CB /* Supporting Files */,
			);
			path = aSnapTests;
			sourceTree = "<group>";
		};
		C8FAFADD1A8F029400FDD7CB /* Supporting Files */ = {
			isa = PBXGroup;
			children = (
				C8FAFADE1A8F029400FDD7CB /* Info.plist */,
			);
			name = "Supporting Files";
			sourceTree = "<group>";
		};
		C8FAFAEA1A8F02D800FDD7CB /* Frameworks */ = {
			isa = PBXGroup;
			children = (
				C83D743F1ADE659600C87652 /* EllipticLiscense */,
				C8FC07011A9245E900720C6F /* MBProgressHUD.xcodeproj */,
			);
			name = Frameworks;
			sourceTree = "<group>";
		};
		C8FC07021A9245E900720C6F /* Products */ = {
			isa = PBXGroup;
			children = (
				C8FC07091A9245E900720C6F /* libMBProgressHUD.a */,
				C8FC070B1A9245E900720C6F /* MBProgressHUDTests.xctest */,
			);
			name = Products;
			sourceTree = "<group>";
		};
		C8FC07131A92479100720C6F /* Resources */ = {
			isa = PBXGroup;
			children = (
				C8FC07141A92481300720C6F /* adb */,
			);
			name = Resources;
			sourceTree = "<group>";
		};
/* End PBXGroup section */

/* Begin PBXNativeTarget section */
		C8FAFAC21A8F029400FDD7CB /* aSnap */ = {
			isa = PBXNativeTarget;
			buildConfigurationList = C8FAFAE31A8F029400FDD7CB /* Build configuration list for PBXNativeTarget "aSnap" */;
			buildPhases = (
				C8FAFABF1A8F029400FDD7CB /* Sources */,
				C8FAFAC01A8F029400FDD7CB /* Frameworks */,
				C8FAFAC11A8F029400FDD7CB /* Resources */,
			);
			buildRules = (
			);
			dependencies = (
			);
			name = aSnap;
			productName = aSnap;
			productReference = C8FAFAC31A8F029400FDD7CB /* aSnapx.app */;
			productType = "com.apple.product-type.application";
		};
/* End PBXNativeTarget section */

/* Begin PBXProject section */
		C8FAFABB1A8F029400FDD7CB /* Project object */ = {
			isa = PBXProject;
			attributes = {
				LastUpgradeCheck = 0610;
				ORGANIZATIONNAME = olunx;
				TargetAttributes = {
					C8FAFAC21A8F029400FDD7CB = {
						CreatedOnToolsVersion = 6.1.1;
						DevelopmentTeam = N4BBCE23Y9;
						SystemCapabilities = {
							com.apple.Sandbox = {
								enabled = 0;
							};
						};
					};
				};
			};
			buildConfigurationList = C8FAFABE1A8F029400FDD7CB /* Build configuration list for PBXProject "aSnap" */;
			compatibilityVersion = "Xcode 3.2";
			developmentRegion = English;
			hasScannedForEncodings = 0;
			knownRegions = (
				en,
				Base,
				"zh-Hans",
			);
			mainGroup = C8FAFABA1A8F029400FDD7CB;
			productRefGroup = C8FAFAC41A8F029400FDD7CB /* Products */;
			projectDirPath = "";
			projectReferences = (
				{
					ProductGroup = C8FC07021A9245E900720C6F /* Products */;
					ProjectRef = C8FC07011A9245E900720C6F /* MBProgressHUD.xcodeproj */;
				},
			);
			projectRoot = "";
			targets = (
				C8FAFAC21A8F029400FDD7CB /* aSnap */,
			);
		};
/* End PBXProject section */

/* Begin PBXReferenceProxy section */
		C8FC07091A9245E900720C6F /* libMBProgressHUD.a */ = {
			isa = PBXReferenceProxy;
			fileType = archive.ar;
			path = libMBProgressHUD.a;
			remoteRef = C8FC07081A9245E900720C6F /* PBXContainerItemProxy */;
			sourceTree = BUILT_PRODUCTS_DIR;
		};
		C8FC070B1A9245E900720C6F /* MBProgressHUDTests.xctest */ = {
			isa = PBXReferenceProxy;
			fileType = wrapper.cfbundle;
			path = MBProgressHUDTests.xctest;
			remoteRef = C8FC070A1A9245E900720C6F /* PBXContainerItemProxy */;
			sourceTree = BUILT_PRODUCTS_DIR;
		};
/* End PBXReferenceProxy section */

/* Begin PBXResourcesBuildPhase section */
		C8FAFAC11A8F029400FDD7CB /* Resources */ = {
			isa = PBXResourcesBuildPhase;
			buildActionMask = 2147483647;
			files = (
				C8FC07151A92481300720C6F /* adb in Resources */,
				C8E4938D1A937A8C00EF062D /* Localizable.strings in Resources */,
				C8FC06D81A9234A200720C6F /* Info.plist in Resources */,
				C8FAFAD11A8F029400FDD7CB /* Images.xcassets in Resources */,
				C8FAFAD41A8F029400FDD7CB /* Main.storyboard in Resources */,
			);
			runOnlyForDeploymentPostprocessing = 0;
		};
/* End PBXResourcesBuildPhase section */

/* Begin PBXSourcesBuildPhase section */
		C8FAFABF1A8F029400FDD7CB /* Sources */ = {
			isa = PBXSourcesBuildPhase;
			buildActionMask = 2147483647;
			files = (
				C82F34BD1AD7D29100E130C3 /* TSTextField.m in Sources */,
				C853D58E1A90FBE90046A6F2 /* WindowController.m in Sources */,
				C8FAFACC1A8F029400FDD7CB /* main.m in Sources */,
				C83D74461ADE65A300C87652 /* elliptic_license.c in Sources */,
				C83D744C1ADE65B200C87652 /* EllipticLicense.m in Sources */,
				C83547781ADB9D6200BE0F00 /* NSLabel.m in Sources */,
				C8FAFACA1A8F029400FDD7CB /* AppDelegate.m in Sources */,
				C83D74451ADE65A300C87652 /* base32.c in Sources */,
				C83547931ADBB52A00BE0F00 /* NSAttributedAlert.m in Sources */,
				C83D744D1ADE65B200C87652 /* NSData+ELAdditions.m in Sources */,
			);
			runOnlyForDeploymentPostprocessing = 0;
		};
/* End PBXSourcesBuildPhase section */

/* Begin PBXVariantGroup section */
		C8E4938B1A937A8C00EF062D /* Localizable.strings */ = {
			isa = PBXVariantGroup;
			children = (
				C8E4938C1A937A8C00EF062D /* Base */,
				C8E4938E1A937A9400EF062D /* zh-Hans */,
			);
			name = Localizable.strings;
			sourceTree = "<group>";
		};
		C8FAFAD21A8F029400FDD7CB /* Main.storyboard */ = {
			isa = PBXVariantGroup;
			children = (
				C8FAFAD31A8F029400FDD7CB /* Base */,
				C8E493841A9379B200EF062D /* zh-Hans */,
			);
			name = Main.storyboard;
			sourceTree = "<group>";
		};
/* End PBXVariantGroup section */

/* Begin XCBuildConfiguration section */
		C8FAFAE11A8F029400FDD7CB /* Debug */ = {
			isa = XCBuildConfiguration;
			buildSettings = {
				ALWAYS_SEARCH_USER_PATHS = NO;
				CLANG_CXX_LANGUAGE_STANDARD = "gnu++0x";
				CLANG_CXX_LIBRARY = "libc++";
				CLANG_ENABLE_MODULES = YES;
				CLANG_ENABLE_OBJC_ARC = YES;
				CLANG_WARN_BOOL_CONVERSION = YES;
				CLANG_WARN_CONSTANT_CONVERSION = YES;
				CLANG_WARN_DIRECT_OBJC_ISA_USAGE = YES_ERROR;
				CLANG_WARN_EMPTY_BODY = YES;
				CLANG_WARN_ENUM_CONVERSION = YES;
				CLANG_WARN_INT_CONVERSION = YES;
				CLANG_WARN_OBJC_ROOT_CLASS = YES_ERROR;
				CLANG_WARN_UNREACHABLE_CODE = YES;
				CLANG_WARN__DUPLICATE_METHOD_MATCH = YES;
				CODE_SIGN_IDENTITY = "-";
				COPY_PHASE_STRIP = NO;
				ENABLE_STRICT_OBJC_MSGSEND = YES;
				GCC_C_LANGUAGE_STANDARD = gnu99;
				GCC_DYNAMIC_NO_PIC = NO;
				GCC_OPTIMIZATION_LEVEL = 0;
				GCC_PREPROCESSOR_DEFINITIONS = (
					"DEBUG=1",
					"$(inherited)",
				);
				GCC_SYMBOLS_PRIVATE_EXTERN = NO;
				GCC_WARN_64_TO_32_BIT_CONVERSION = YES;
				GCC_WARN_ABOUT_RETURN_TYPE = YES_ERROR;
				GCC_WARN_UNDECLARED_SELECTOR = YES;
				GCC_WARN_UNINITIALIZED_AUTOS = YES_AGGRESSIVE;
				GCC_WARN_UNUSED_FUNCTION = YES;
				GCC_WARN_UNUSED_VARIABLE = YES;
				MACOSX_DEPLOYMENT_TARGET = 10.7;
				MTL_ENABLE_DEBUG_INFO = YES;
				ONLY_ACTIVE_ARCH = YES;
				SDKROOT = macosx;
			};
			name = Debug;
		};
		C8FAFAE21A8F029400FDD7CB /* Release */ = {
			isa = XCBuildConfiguration;
			buildSettings = {
				ALWAYS_SEARCH_USER_PATHS = NO;
				CLANG_CXX_LANGUAGE_STANDARD = "gnu++0x";
				CLANG_CXX_LIBRARY = "libc++";
				CLANG_ENABLE_MODULES = YES;
				CLANG_ENABLE_OBJC_ARC = YES;
				CLANG_WARN_BOOL_CONVERSION = YES;
				CLANG_WARN_CONSTANT_CONVERSION = YES;
				CLANG_WARN_DIRECT_OBJC_ISA_USAGE = YES_ERROR;
				CLANG_WARN_EMPTY_BODY = YES;
				CLANG_WARN_ENUM_CONVERSION = YES;
				CLANG_WARN_INT_CONVERSION = YES;
				CLANG_WARN_OBJC_ROOT_CLASS = YES_ERROR;
				CLANG_WARN_UNREACHABLE_CODE = YES;
				CLANG_WARN__DUPLICATE_METHOD_MATCH = YES;
				CODE_SIGN_IDENTITY = "-";
				COPY_PHASE_STRIP = YES;
				DEBUG_INFORMATION_FORMAT = "dwarf-with-dsym";
				ENABLE_NS_ASSERTIONS = NO;
				ENABLE_STRICT_OBJC_MSGSEND = YES;
				GCC_C_LANGUAGE_STANDARD = gnu99;
				GCC_WARN_64_TO_32_BIT_CONVERSION = YES;
				GCC_WARN_ABOUT_RETURN_TYPE = YES_ERROR;
				GCC_WARN_UNDECLARED_SELECTOR = YES;
				GCC_WARN_UNINITIALIZED_AUTOS = YES_AGGRESSIVE;
				GCC_WARN_UNUSED_FUNCTION = YES;
				GCC_WARN_UNUSED_VARIABLE = YES;
				MACOSX_DEPLOYMENT_TARGET = 10.7;
				MTL_ENABLE_DEBUG_INFO = NO;
				SDKROOT = macosx;
			};
			name = Release;
		};
		C8FAFAE41A8F029400FDD7CB /* Debug */ = {
			isa = XCBuildConfiguration;
			buildSettings = {
				ALWAYS_SEARCH_USER_PATHS = YES;
				ASSETCATALOG_COMPILER_APPICON_NAME = AppIcon;
				CODE_SIGN_IDENTITY = "Developer ID Application";
				COMBINE_HIDPI_IMAGES = YES;
				GCC_PRECOMPILE_PREFIX_HEADER = NO;
				HEADER_SEARCH_PATHS = (
					"$(inherited)",
					/Applications/Xcode.app/Contents/Developer/Toolchains/XcodeDefault.xctoolchain/usr/include,
					"../../MBProgressHUD-OSX/",
				);
				INFOPLIST_FILE = aSnap/Info.plist;
				LD_RUNPATH_SEARCH_PATHS = "$(inherited) @executable_path/../Frameworks";
				MACOSX_DEPLOYMENT_TARGET = 10.7;
				OTHER_CFLAGS = (
					"-O2",
					"-g",
					"-Wall",
					"-Wno-unused-parameter",
					"-DADB_HOST=1",
					"-D_XOPEN_SOURCE",
					"-D_GNU_SOURCE",
					"-DHAVE_FORKEXEC",
				);
				PRODUCT_NAME = aSnapx;
			};
			name = Debug;
		};
		C8FAFAE51A8F029400FDD7CB /* Release */ = {
			isa = XCBuildConfiguration;
			buildSettings = {
				ALWAYS_SEARCH_USER_PATHS = YES;
				ASSETCATALOG_COMPILER_APPICON_NAME = AppIcon;
				CODE_SIGN_IDENTITY = "Developer ID Application";
				COMBINE_HIDPI_IMAGES = YES;
				GCC_PRECOMPILE_PREFIX_HEADER = NO;
				HEADER_SEARCH_PATHS = (
					"$(inherited)",
					/Applications/Xcode.app/Contents/Developer/Toolchains/XcodeDefault.xctoolchain/usr/include,
					"../../MBProgressHUD-OSX/",
				);
				INFOPLIST_FILE = aSnap/Info.plist;
				LD_RUNPATH_SEARCH_PATHS = "$(inherited) @executable_path/../Frameworks";
				MACOSX_DEPLOYMENT_TARGET = 10.7;
				OTHER_CFLAGS = (
					"-O2",
					"-g",
					"-Wall",
					"-Wno-unused-parameter",
					"-DADB_HOST=1",
					"-D_XOPEN_SOURCE",
					"-D_GNU_SOURCE",
					"-DHAVE_FORKEXEC",
				);
				PRODUCT_NAME = aSnapx;
			};
			name = Release;
		};
/* End XCBuildConfiguration section */

/* Begin XCConfigurationList section */
		C8FAFABE1A8F029400FDD7CB /* Build configuration list for PBXProject "aSnap" */ = {
			isa = XCConfigurationList;
			buildConfigurations = (
				C8FAFAE11A8F029400FDD7CB /* Debug */,
				C8FAFAE21A8F029400FDD7CB /* Release */,
			);
			defaultConfigurationIsVisible = 0;
			defaultConfigurationName = Release;
		};
		C8FAFAE31A8F029400FDD7CB /* Build configuration list for PBXNativeTarget "aSnap" */ = {
			isa = XCConfigurationList;
			buildConfigurations = (
				C8FAFAE41A8F029400FDD7CB /* Debug */,
				C8FAFAE51A8F029400FDD7CB /* Release */,
			);
			defaultConfigurationIsVisible = 0;
			defaultConfigurationName = Release;
		};
/* End XCConfigurationList section */
	};
	rootObject = C8FAFABB1A8F029400FDD7CB /* Project object */;
}
